
Microsoft Visual Studio Solution File, Format Version 12.00
# Visual Studio Version 17
VisualStudioVersion = 17.0.31903.59
MinimumVisualStudioVersion = 10.0.40219.1
Project("{9A19103F-16F7-4668-BE54-9A1E7A4F7556}") = "Evdb", "src\Evdb\Evdb.csproj", "{73C8753C-3828-47D7-BB3E-124C84A9E6D5}"
EndProject
Project("{9A19103F-16F7-4668-BE54-9A1E7A4F7556}") = "Evdb.Storage", "src\Evdb.Storage\Evdb.Storage.csproj", "{1C06EB5D-232B-45A1-8C3E-C01F5D479981}"
EndProject
Project("{9A19103F-16F7-4668-BE54-9A1E7A4F7556}") = "Evdb.Storage.LogsDb", "src\Evdb.Storage.LogsDb\Evdb.Storage.LogsDb.csproj", "{F74EA600-3A1E-4545-8A0A-5E0345B1E09F}"
EndProject
Project("{9A19103F-16F7-4668-BE54-9A1E7A4F7556}") = "Evdb.Storage.RocksDb", "src\Evdb.Storage.RocksDb\Evdb.Storage.RocksDb.csproj", "{B9F05BB1-3110-4B4E-8E8B-D543AF4528AD}"
EndProject
Project("{9A19103F-16F7-4668-BE54-9A1E7A4F7556}") = "Evdb.Tests", "tests\Evdb.Tests\Evdb.Tests.csproj", "{8A7D5665-0D41-4453-BBF7-F671161DFD86}"
EndProject
Project("{9A19103F-16F7-4668-BE54-9A1E7A4F7556}") = "Evdb.MicroBenchmarks", "tests\Evdb.MicroBenchmarks\Evdb.MicroBenchmarks.csproj", "{1DFE938F-D66C-4390-9B69-75EB0E5907E7}"
EndProject
Project("{9A19103F-16F7-4668-BE54-9A1E7A4F7556}") = "Evdb.Benchmarks", "tests\Evdb.Benchmarks\Evdb.Benchmarks.csproj", "{9E70C9F7-E56B-4579-BF6C-0D5AD53D5912}"
EndProject
Project("{2150E333-8FDC-42A3-9474-1A3956D46DE8}") = "src", "src", "{D04117DB-E3AA-4AEF-B9A7-0141805EF7CC}"
EndProject
Project("{2150E333-8FDC-42A3-9474-1A3956D46DE8}") = "tests", "tests", "{99BB8FD9-6913-435A-9835-EF472202474B}"
EndProject
Project("{2150E333-8FDC-42A3-9474-1A3956D46DE8}") = "samples", "samples", "{303FDEB9-56A0-4F99-8071-A29AE8A9F260}"
EndProject
Project("{9A19103F-16F7-4668-BE54-9A1E7A4F7556}") = "Evdb.Example", "samples\Evdb.Example\Evdb.Example.csproj", "{73943E5E-4DBA-4698-92F0-0F5BBAC76918}"
EndProject
Project("{9A19103F-16F7-4668-BE54-9A1E7A4F7556}") = "Evdb.Example.LogsDb", "samples\Evdb.Example.LogsDb\Evdb.Example.LogsDb.csproj", "{712CE09F-F004-45FF-A02C-CA951ED88D5F}"
EndProject
Project("{FAE04EC0-301F-11D3-BF4B-00C04F79EFBC}") = "LogsDb", "src\LogsDb\LogsDb.csproj", "{ADD7D598-7482-43DF-9405-F4C02A9A8D29}"
EndProject
Project("{FAE04EC0-301F-11D3-BF4B-00C04F79EFBC}") = "LogsDb.Tests", "tests\LogsDb.Tests\LogsDb.Tests.csproj", "{3DC4CBC4-802A-4E26-9420-9E7D74234E40}"
EndProject
Global
	GlobalSection(SolutionConfigurationPlatforms) = preSolution
		Debug|Any CPU = Debug|Any CPU
		Release|Any CPU = Release|Any CPU
	EndGlobalSection
	GlobalSection(ProjectConfigurationPlatforms) = postSolution
		{73C8753C-3828-47D7-BB3E-124C84A9E6D5}.Debug|Any CPU.ActiveCfg = Debug|Any CPU
		{73C8753C-3828-47D7-BB3E-124C84A9E6D5}.Debug|Any CPU.Build.0 = Debug|Any CPU
		{73C8753C-3828-47D7-BB3E-124C84A9E6D5}.Release|Any CPU.ActiveCfg = Release|Any CPU
		{73C8753C-3828-47D7-BB3E-124C84A9E6D5}.Release|Any CPU.Build.0 = Release|Any CPU
		{1C06EB5D-232B-45A1-8C3E-C01F5D479981}.Debug|Any CPU.ActiveCfg = Debug|Any CPU
		{1C06EB5D-232B-45A1-8C3E-C01F5D479981}.Debug|Any CPU.Build.0 = Debug|Any CPU
		{1C06EB5D-232B-45A1-8C3E-C01F5D479981}.Release|Any CPU.ActiveCfg = Release|Any CPU
		{1C06EB5D-232B-45A1-8C3E-C01F5D479981}.Release|Any CPU.Build.0 = Release|Any CPU
		{F74EA600-3A1E-4545-8A0A-5E0345B1E09F}.Debug|Any CPU.ActiveCfg = Debug|Any CPU
		{F74EA600-3A1E-4545-8A0A-5E0345B1E09F}.Debug|Any CPU.Build.0 = Debug|Any CPU
		{F74EA600-3A1E-4545-8A0A-5E0345B1E09F}.Release|Any CPU.ActiveCfg = Release|Any CPU
		{F74EA600-3A1E-4545-8A0A-5E0345B1E09F}.Release|Any CPU.Build.0 = Release|Any CPU
		{B9F05BB1-3110-4B4E-8E8B-D543AF4528AD}.Debug|Any CPU.ActiveCfg = Debug|Any CPU
		{B9F05BB1-3110-4B4E-8E8B-D543AF4528AD}.Debug|Any CPU.Build.0 = Debug|Any CPU
		{B9F05BB1-3110-4B4E-8E8B-D543AF4528AD}.Release|Any CPU.ActiveCfg = Release|Any CPU
		{B9F05BB1-3110-4B4E-8E8B-D543AF4528AD}.Release|Any CPU.Build.0 = Release|Any CPU
		{8A7D5665-0D41-4453-BBF7-F671161DFD86}.Debug|Any CPU.ActiveCfg = Debug|Any CPU
		{8A7D5665-0D41-4453-BBF7-F671161DFD86}.Debug|Any CPU.Build.0 = Debug|Any CPU
		{8A7D5665-0D41-4453-BBF7-F671161DFD86}.Release|Any CPU.ActiveCfg = Release|Any CPU
		{8A7D5665-0D41-4453-BBF7-F671161DFD86}.Release|Any CPU.Build.0 = Release|Any CPU
		{1DFE938F-D66C-4390-9B69-75EB0E5907E7}.Debug|Any CPU.ActiveCfg = Debug|Any CPU
		{1DFE938F-D66C-4390-9B69-75EB0E5907E7}.Debug|Any CPU.Build.0 = Debug|Any CPU
		{1DFE938F-D66C-4390-9B69-75EB0E5907E7}.Release|Any CPU.ActiveCfg = Release|Any CPU
		{1DFE938F-D66C-4390-9B69-75EB0E5907E7}.Release|Any CPU.Build.0 = Release|Any CPU
		{9E70C9F7-E56B-4579-BF6C-0D5AD53D5912}.Debug|Any CPU.ActiveCfg = Debug|Any CPU
		{9E70C9F7-E56B-4579-BF6C-0D5AD53D5912}.Debug|Any CPU.Build.0 = Debug|Any CPU
		{9E70C9F7-E56B-4579-BF6C-0D5AD53D5912}.Release|Any CPU.ActiveCfg = Release|Any CPU
		{9E70C9F7-E56B-4579-BF6C-0D5AD53D5912}.Release|Any CPU.Build.0 = Release|Any CPU
		{73943E5E-4DBA-4698-92F0-0F5BBAC76918}.Debug|Any CPU.ActiveCfg = Debug|Any CPU
		{73943E5E-4DBA-4698-92F0-0F5BBAC76918}.Debug|Any CPU.Build.0 = Debug|Any CPU
		{73943E5E-4DBA-4698-92F0-0F5BBAC76918}.Release|Any CPU.ActiveCfg = Release|Any CPU
		{73943E5E-4DBA-4698-92F0-0F5BBAC76918}.Release|Any CPU.Build.0 = Release|Any CPU
		{712CE09F-F004-45FF-A02C-CA951ED88D5F}.Debug|Any CPU.ActiveCfg = Debug|Any CPU
		{712CE09F-F004-45FF-A02C-CA951ED88D5F}.Debug|Any CPU.Build.0 = Debug|Any CPU
		{712CE09F-F004-45FF-A02C-CA951ED88D5F}.Release|Any CPU.ActiveCfg = Release|Any CPU
		{712CE09F-F004-45FF-A02C-CA951ED88D5F}.Release|Any CPU.Build.0 = Release|Any CPU
		{ADD7D598-7482-43DF-9405-F4C02A9A8D29}.Debug|Any CPU.ActiveCfg = Debug|Any CPU
		{ADD7D598-7482-43DF-9405-F4C02A9A8D29}.Debug|Any CPU.Build.0 = Debug|Any CPU
		{ADD7D598-7482-43DF-9405-F4C02A9A8D29}.Release|Any CPU.ActiveCfg = Release|Any CPU
		{ADD7D598-7482-43DF-9405-F4C02A9A8D29}.Release|Any CPU.Build.0 = Release|Any CPU
		{3DC4CBC4-802A-4E26-9420-9E7D74234E40}.Debug|Any CPU.ActiveCfg = Debug|Any CPU
		{3DC4CBC4-802A-4E26-9420-9E7D74234E40}.Debug|Any CPU.Build.0 = Debug|Any CPU
		{3DC4CBC4-802A-4E26-9420-9E7D74234E40}.Release|Any CPU.ActiveCfg = Release|Any CPU
		{3DC4CBC4-802A-4E26-9420-9E7D74234E40}.Release|Any CPU.Build.0 = Release|Any CPU
	EndGlobalSection
	GlobalSection(SolutionProperties) = preSolution
		HideSolutionNode = FALSE
	EndGlobalSection
	GlobalSection(NestedProjects) = preSolution
		{73C8753C-3828-47D7-BB3E-124C84A9E6D5} = {D04117DB-E3AA-4AEF-B9A7-0141805EF7CC}
		{1C06EB5D-232B-45A1-8C3E-C01F5D479981} = {D04117DB-E3AA-4AEF-B9A7-0141805EF7CC}
		{F74EA600-3A1E-4545-8A0A-5E0345B1E09F} = {D04117DB-E3AA-4AEF-B9A7-0141805EF7CC}
		{B9F05BB1-3110-4B4E-8E8B-D543AF4528AD} = {D04117DB-E3AA-4AEF-B9A7-0141805EF7CC}
		{8A7D5665-0D41-4453-BBF7-F671161DFD86} = {99BB8FD9-6913-435A-9835-EF472202474B}
		{1DFE938F-D66C-4390-9B69-75EB0E5907E7} = {99BB8FD9-6913-435A-9835-EF472202474B}
		{9E70C9F7-E56B-4579-BF6C-0D5AD53D5912} = {99BB8FD9-6913-435A-9835-EF472202474B}
		{73943E5E-4DBA-4698-92F0-0F5BBAC76918} = {303FDEB9-56A0-4F99-8071-A29AE8A9F260}
		{712CE09F-F004-45FF-A02C-CA951ED88D5F} = {303FDEB9-56A0-4F99-8071-A29AE8A9F260}
		{ADD7D598-7482-43DF-9405-F4C02A9A8D29} = {D04117DB-E3AA-4AEF-B9A7-0141805EF7CC}
		{3DC4CBC4-802A-4E26-9420-9E7D74234E40} = {99BB8FD9-6913-435A-9835-EF472202474B}
	EndGlobalSection
	GlobalSection(ExtensibilityGlobals) = postSolution
		SolutionGuid = {3DE0C62D-C2A1-4A5D-B7D0-13886ECAB4AC}
	EndGlobalSection
EndGlobal
